atheris==3.0.0 \
    --hash=sha256:8a5c8a781467c187da40fd29139784193e2647058831f837f675d0bb8cbd8746 \
    --hash=sha256:510e502c57b6dc615fb174066407af620d4c7f73cf08a782c86e7761bf12c4eb \
    --hash=sha256:a402cdca8a650d1371050b1f9552eb4cdc488d2db64950d603c4560318365eac \
    --hash=sha256:1f0929c7bc3040f3fe4102e557718734190cf2d7718bbb8e3ce6d3eb56ef5bb3
pyinstaller==6.19.0 \
    --hash=sha256:a0fc5f6b3c55aa54353f0c74ffa59b1115433c1850c6f655d62b461a2ed6cbbe \
    --hash=sha256:ec73aeb8bd9b7f2f1240d328a4542e90b3c6e6fbc106014778431c616592a865
